<Solution>
  <Project Path="CManager.Application/CManager.Application.csproj" Id="f85eec1b-fe3d-4409-adfe-fe2b447fd58e" />
  <Project Path="CManager.Domain/CManager.Domain.csproj" />
  <Project Path="CManager.Infrastructure/CManager.Infrastructure.csproj" />
  <Project Path="CManager.Presentation.ConsoleApp/CManager.Presentation.ConsoleApp.csproj" />
</Solution>
